
Microsoft Visual Studio Solution File, Format Version 12.00
# Visual Studio 15
VisualStudioVersion = 15.0.28307.1585
MinimumVisualStudioVersion = 10.0.40219.1
Project("{8BC9CEB8-8B4A-11D0-8D11-00A0C91BC942}") = "Project1", "Project1\Project1.vcxproj", "{97122DA2-236B-4F01-B139-A6AD0F8CD77D}"
EndProject
Project("{8BC9CEB8-8B4A-11D0-8D11-00A0C91BC942}") = "Project2", "Project2\Project2.vcxproj", "{DBE52333-69A2-496E-BEE7-48ECF334883D}"
EndProject
Project("{8BC9CEB8-8B4A-11D0-8D11-00A0C91BC942}") = "Project3", "Project3\Project3.vcxproj", "{E393EF30-616D-4E34-8EEF-80C1EEF659CB}"
EndProject
Project("{8BC9CEB8-8B4A-11D0-8D11-00A0C91BC942}") = "Project4", "Project4\Project4.vcxproj", "{181D158D-305C-44AD-B643-E5C28CEC0767}"
EndProject
Global
	GlobalSection(SolutionConfigurationPlatforms) = preSolution
		Debug|x64 = Debug|x64
		Debug|x86 = Debug|x86
		Release|x64 = Release|x64
		Release|x86 = Release|x86
	EndGlobalSection
	GlobalSection(ProjectConfigurationPlatforms) = postSolution
		{97122DA2-236B-4F01-B139-A6AD0F8CD77D}.Debug|x64.ActiveCfg = Debug|x64
		{97122DA2-236B-4F01-B139-A6AD0F8CD77D}.Debug|x64.Build.0 = Debug|x64
		{97122DA2-236B-4F01-B139-A6AD0F8CD77D}.Debug|x86.ActiveCfg = Debug|Win32
		{97122DA2-236B-4F01-B139-A6AD0F8CD77D}.Debug|x86.Build.0 = Debug|Win32
		{97122DA2-236B-4F01-B139-A6AD0F8CD77D}.Release|x64.ActiveCfg = Release|x64
		{97122DA2-236B-4F01-B139-A6AD0F8CD77D}.Release|x64.Build.0 = Release|x64
		{97122DA2-236B-4F01-B139-A6AD0F8CD77D}.Release|x86.ActiveCfg = Release|Win32
		{97122DA2-236B-4F01-B139-A6AD0F8CD77D}.Release|x86.Build.0 = Release|Win32
		{DBE52333-69A2-496E-BEE7-48ECF334883D}.Debug|x64.ActiveCfg = Debug|x64
		{DBE52333-69A2-496E-BEE7-48ECF334883D}.Debug|x64.Build.0 = Debug|x64
		{DBE52333-69A2-496E-BEE7-48ECF334883D}.Debug|x86.ActiveCfg = Debug|Win32
		{DBE52333-69A2-496E-BEE7-48ECF334883D}.Debug|x86.Build.0 = Debug|Win32
		{DBE52333-69A2-496E-BEE7-48ECF334883D}.Release|x64.ActiveCfg = Release|x64
		{DBE52333-69A2-496E-BEE7-48ECF334883D}.Release|x64.Build.0 = Release|x64
		{DBE52333-69A2-496E-BEE7-48ECF334883D}.Release|x86.ActiveCfg = Release|Win32
		{DBE52333-69A2-496E-BEE7-48ECF334883D}.Release|x86.Build.0 = Release|Win32
		{E393EF30-616D-4E34-8EEF-80C1EEF659CB}.Debug|x64.ActiveCfg = Debug|x64
		{E393EF30-616D-4E34-8EEF-80C1EEF659CB}.Debug|x64.Build.0 = Debug|x64
		{E393EF30-616D-4E34-8EEF-80C1EEF659CB}.Debug|x86.ActiveCfg = Debug|Win32
		{E393EF30-616D-4E34-8EEF-80C1EEF659CB}.Debug|x86.Build.0 = Debug|Win32
		{E393EF30-616D-4E34-8EEF-80C1EEF659CB}.Release|x64.ActiveCfg = Release|x64
		{E393EF30-616D-4E34-8EEF-80C1EEF659CB}.Release|x64.Build.0 = Release|x64
		{E393EF30-616D-4E34-8EEF-80C1EEF659CB}.Release|x86.ActiveCfg = Release|Win32
		{E393EF30-616D-4E34-8EEF-80C1EEF659CB}.Release|x86.Build.0 = Release|Win32
		{181D158D-305C-44AD-B643-E5C28CEC0767}.Debug|x64.ActiveCfg = Debug|x64
		{181D158D-305C-44AD-B643-E5C28CEC0767}.Debug|x64.Build.0 = Debug|x64
		{181D158D-305C-44AD-B643-E5C28CEC0767}.Debug|x86.ActiveCfg = Debug|Win32
		{181D158D-305C-44AD-B643-E5C28CEC0767}.Debug|x86.Build.0 = Debug|Win32
		{181D158D-305C-44AD-B643-E5C28CEC0767}.Release|x64.ActiveCfg = Release|x64
		{181D158D-305C-44AD-B643-E5C28CEC0767}.Release|x64.Build.0 = Release|x64
		{181D158D-305C-44AD-B643-E5C28CEC0767}.Release|x86.ActiveCfg = Release|Win32
		{181D158D-305C-44AD-B643-E5C28CEC0767}.Release|x86.Build.0 = Release|Win32
	EndGlobalSection
	GlobalSection(SolutionProperties) = preSolution
		HideSolutionNode = FALSE
	EndGlobalSection
	GlobalSection(ExtensibilityGlobals) = postSolution
		SolutionGuid = {D419B46D-89E3-4230-AD3F-E7994C2738B6}
	EndGlobalSection
EndGlobal
